// !$*UTF8*$!
{
	archiveVersion = 1;
	classes = {
	};
	objectVersion = 46;
	objects = {

/* Begin PBXBuildFile section */
		EF658EDB1F0FD2BD00364A47 /* interpolate.hpp in Headers */ = {isa = PBXBuildFile; fileRef = EF658EDA1F0FD2BD00364A47 /* interpolate.hpp */; };
		EF658EDD1F0FD2BD00364A47 /* interpolatePriv.hpp in Headers */ = {isa = PBXBuildFile; fileRef = EF658EDC1F0FD2BD00364A47 /* interpolatePriv.hpp */; };
		EF658EDF1F0FD2BD00364A47 /* interpolate.cpp in Sources */ = {isa = PBXBuildFile; fileRef = EF658EDE1F0FD2BD00364A47 /* interpolate.cpp */; };
/* End PBXBuildFile section */

/* Begin PBXFileReference section */
		EF658ED71F0FD2BD00364A47 /* libinterpolate.a */ = {isa = PBXFileReference; explicitFileType = archive.ar; includeInIndex = 0; path = libinterpolate.a; sourceTree = BUILT_PRODUCTS_DIR; };
		EF658EDA1F0FD2BD00364A47 /* interpolate.hpp */ = {isa = PBXFileReference; lastKnownFileType = sourcecode.cpp.h; path = interpolate.hpp; sourceTree = "<group>"; };
		EF658EDC1F0FD2BD00364A47 /* interpolatePriv.hpp */ = {isa = PBXFileReference; lastKnownFileType = sourcecode.cpp.h; path = interpolatePriv.hpp; sourceTree = "<group>"; };
		EF658EDE1F0FD2BD00364A47 /* interpolate.cpp */ = {isa = PBXFileReference; lastKnownFileType = sourcecode.cpp.cpp; path = interpolate.cpp; sourceTree = "<group>"; };
/* End PBXFileReference section */

/* Begin PBXFrameworksBuildPhase section */
		EF658ED41F0FD2BD00364A47 /* Frameworks */ = {
			isa = PBXFrameworksBuildPhase;
			buildActionMask = 2147483647;
			files = (
			);
			runOnlyForDeploymentPostprocessing = 0;
		};
/* End PBXFrameworksBuildPhase section */

/* Begin PBXGroup section */
		EF658ECE1F0FD2BD00364A47 = {
			isa = PBXGroup;
			children = (
				EF658ED91F0FD2BD00364A47 /* interpolate */,
				EF658ED81F0FD2BD00364A47 /* Products */,
			);
			sourceTree = "<group>";
		};
		EF658ED81F0FD2BD00364A47 /* Products */ = {
			isa = PBXGroup;
			children = (
				EF658ED71F0FD2BD00364A47 /* libinterpolate.a */,
			);
			name = Products;
			sourceTree = "<group>";
		};
		EF658ED91F0FD2BD00364A47 /* interpolate */ = {
			isa = PBXGroup;
			children = (
				EF658EDA1F0FD2BD00364A47 /* interpolate.hpp */,
				EF658EDC1F0FD2BD00364A47 /* interpolatePriv.hpp */,
				EF658EDE1F0FD2BD00364A47 /* interpolate.cpp */,
			);
			path = interpolate;
			sourceTree = "<group>";
		};
/* End PBXGroup section */

/* Begin PBXHeadersBuildPhase section */
		EF658ED51F0FD2BD00364A47 /* Headers */ = {
			isa = PBXHeadersBuildPhase;
			buildActionMask = 2147483647;
			files = (
				EF658EDB1F0FD2BD00364A47 /* interpolate.hpp in Headers */,
				EF658EDD1F0FD2BD00364A47 /* interpolatePriv.hpp in Headers */,
			);
			runOnlyForDeploymentPostprocessing = 0;
		};
/* End PBXHeadersBuildPhase section */

/* Begin PBXNativeTarget section */
		EF658ED61F0FD2BD00364A47 /* interpolate */ = {
			isa = PBXNativeTarget;
			buildConfigurationList = EF658EE21F0FD2BD00364A47 /* Build configuration list for PBXNativeTarget "interpolate" */;
			buildPhases = (
				EF658ED31F0FD2BD00364A47 /* Sources */,
				EF658ED41F0FD2BD00364A47 /* Frameworks */,
				EF658ED51F0FD2BD00364A47 /* Headers */,
			);
			buildRules = (
			);
			dependencies = (
			);
			name = interpolate;
			productName = interpolate;
			productReference = EF658ED71F0FD2BD00364A47 /* libinterpolate.a */;
			productType = "com.apple.product-type.library.static";
		};
/* End PBXNativeTarget section */

/* Begin PBXProject section */
		EF658ECF1F0FD2BD00364A47 /* Project object */ = {
			isa = PBXProject;
			attributes = {
				LastUpgradeCheck = 0830;
				ORGANIZATIONNAME = run;
				TargetAttributes = {
					EF658ED61F0FD2BD00364A47 = {
						CreatedOnToolsVersion = 8.3.3;
						ProvisioningStyle = Automatic;
					};
				};
			};
			buildConfigurationList = EF658ED21F0FD2BD00364A47 /* Build configuration list for PBXProject "interpolate" */;
			compatibilityVersion = "Xcode 3.2";
			developmentRegion = English;
			hasScannedForEncodings = 0;
			knownRegions = (
				en,
			);
			mainGroup = EF658ECE1F0FD2BD00364A47;
			productRefGroup = EF658ED81F0FD2BD00364A47 /* Products */;
			projectDirPath = "";
			projectRoot = "";
			targets = (
				EF658ED61F0FD2BD00364A47 /* interpolate */,
			);
		};
/* End PBXProject section */

/* Begin PBXSourcesBuildPhase section */
		EF658ED31F0FD2BD00364A47 /* Sources */ = {
			isa = PBXSourcesBuildPhase;
			buildActionMask = 2147483647;
			files = (
				EF658EDF1F0FD2BD00364A47 /* interpolate.cpp in Sources */,
			);
			runOnlyForDeploymentPostprocessing = 0;
		};
/* End PBXSourcesBuildPhase section */

/* Begin XCBuildConfiguration section */
		EF658EE01F0FD2BD00364A47 /* Debug */ = {
			isa = XCBuildConfiguration;
			buildSettings = {
				ALWAYS_SEARCH_USER_PATHS = NO;
				CLANG_ANALYZER_NONNULL = YES;
				CLANG_ANALYZER_NUMBER_OBJECT_CONVERSION = YES_AGGRESSIVE;
				CLANG_CXX_LANGUAGE_STANDARD = "gnu++0x";
				CLANG_CXX_LIBRARY = "libc++";
				CLANG_ENABLE_MODULES = YES;
				CLANG_ENABLE_OBJC_ARC = YES;
				CLANG_WARN_BOOL_CONVERSION = YES;
				CLANG_WARN_CONSTANT_CONVERSION = YES;
				CLANG_WARN_DIRECT_OBJC_ISA_USAGE = YES_ERROR;
				CLANG_WARN_DOCUMENTATION_COMMENTS = YES;
				CLANG_WARN_EMPTY_BODY = YES;
				CLANG_WARN_ENUM_CONVERSION = YES;
				CLANG_WARN_INFINITE_RECURSION = YES;
				CLANG_WARN_INT_CONVERSION = YES;
				CLANG_WARN_OBJC_ROOT_CLASS = YES_ERROR;
				CLANG_WARN_SUSPICIOUS_MOVE = YES;
				CLANG_WARN_UNREACHABLE_CODE = YES;
				CLANG_WARN__DUPLICATE_METHOD_MATCH = YES;
				CODE_SIGN_IDENTITY = "-";
				COPY_PHASE_STRIP = NO;
				DEBUG_INFORMATION_FORMAT = dwarf;
				ENABLE_STRICT_OBJC_MSGSEND = YES;
				ENABLE_TESTABILITY = YES;
				GCC_C_LANGUAGE_STANDARD = gnu99;
				GCC_DYNAMIC_NO_PIC = NO;
				GCC_NO_COMMON_BLOCKS = YES;
				GCC_OPTIMIZATION_LEVEL = 0;
				GCC_PREPROCESSOR_DEFINITIONS = (
					"DEBUG=1",
					"$(inherited)",
				);
				GCC_WARN_64_TO_32_BIT_CONVERSION = YES;
				GCC_WARN_ABOUT_RETURN_TYPE = YES_ERROR;
				GCC_WARN_UNDECLARED_SELECTOR = YES;
				GCC_WARN_UNINITIALIZED_AUTOS = YES_AGGRESSIVE;
				GCC_WARN_UNUSED_FUNCTION = YES;
				GCC_WARN_UNUSED_VARIABLE = YES;
				MACOSX_DEPLOYMENT_TARGET = 10.12;
				MTL_ENABLE_DEBUG_INFO = YES;
				ONLY_ACTIVE_ARCH = YES;
				SDKROOT = macosx;
			};
			name = Debug;
		};
		EF658EE11F0FD2BD00364A47 /* Release */ = {
			isa = XCBuildConfiguration;
			buildSettings = {
				ALWAYS_SEARCH_USER_PATHS = NO;
				CLANG_ANALYZER_NONNULL = YES;
				CLANG_ANALYZER_NUMBER_OBJECT_CONVERSION = YES_AGGRESSIVE;
				CLANG_CXX_LANGUAGE_STANDARD = "gnu++0x";
				CLANG_CXX_LIBRARY = "libc++";
				CLANG_ENABLE_MODULES = YES;
				CLANG_ENABLE_OBJC_ARC = YES;
				CLANG_WARN_BOOL_CONVERSION = YES;
				CLANG_WARN_CONSTANT_CONVERSION = YES;
				CLANG_WARN_DIRECT_OBJC_ISA_USAGE = YES_ERROR;
				CLANG_WARN_DOCUMENTATION_COMMENTS = YES;
				CLANG_WARN_EMPTY_BODY = YES;
				CLANG_WARN_ENUM_CONVERSION = YES;
				CLANG_WARN_INFINITE_RECURSION = YES;
				CLANG_WARN_INT_CONVERSION = YES;
				CLANG_WARN_OBJC_ROOT_CLASS = YES_ERROR;
				CLANG_WARN_SUSPICIOUS_MOVE = YES;
				CLANG_WARN_UNREACHABLE_CODE = YES;
				CLANG_WARN__DUPLICATE_METHOD_MATCH = YES;
				CODE_SIGN_IDENTITY = "-";
				COPY_PHASE_STRIP = NO;
				DEBUG_INFORMATION_FORMAT = "dwarf-with-dsym";
				ENABLE_NS_ASSERTIONS = NO;
				ENABLE_STRICT_OBJC_MSGSEND = YES;
				GCC_C_LANGUAGE_STANDARD = gnu99;
				GCC_NO_COMMON_BLOCKS = YES;
				GCC_WARN_64_TO_32_BIT_CONVERSION = YES;
				GCC_WARN_ABOUT_RETURN_TYPE = YES_ERROR;
				GCC_WARN_UNDECLARED_SELECTOR = YES;
				GCC_WARN_UNINITIALIZED_AUTOS = YES_AGGRESSIVE;
				GCC_WARN_UNUSED_FUNCTION = YES;
				GCC_WARN_UNUSED_VARIABLE = YES;
				MACOSX_DEPLOYMENT_TARGET = 10.12;
				MTL_ENABLE_DEBUG_INFO = NO;
				SDKROOT = macosx;
			};
			name = Release;
		};
		EF658EE31F0FD2BD00364A47 /* Debug */ = {
			isa = XCBuildConfiguration;
			buildSettings = {
				EXECUTABLE_PREFIX = lib;
				GCC_ENABLE_CPP_EXCEPTIONS = YES;
				GCC_ENABLE_CPP_RTTI = YES;
				PRODUCT_NAME = "$(TARGET_NAME)";
			};
			name = Debug;
		};
		EF658EE41F0FD2BD00364A47 /* Release */ = {
			isa = XCBuildConfiguration;
			buildSettings = {
				EXECUTABLE_PREFIX = lib;
				GCC_ENABLE_CPP_EXCEPTIONS = YES;
				GCC_ENABLE_CPP_RTTI = YES;
				PRODUCT_NAME = "$(TARGET_NAME)";
			};
			name = Release;
		};
/* End XCBuildConfiguration section */

/* Begin XCConfigurationList section */
		EF658ED21F0FD2BD00364A47 /* Build configuration list for PBXProject "interpolate" */ = {
			isa = XCConfigurationList;
			buildConfigurations = (
				EF658EE01F0FD2BD00364A47 /* Debug */,
				EF658EE11F0FD2BD00364A47 /* Release */,
			);
			defaultConfigurationIsVisible = 0;
			defaultConfigurationName = Release;
		};
		EF658EE21F0FD2BD00364A47 /* Build configuration list for PBXNativeTarget "interpolate" */ = {
			isa = XCConfigurationList;
			buildConfigurations = (
				EF658EE31F0FD2BD00364A47 /* Debug */,
				EF658EE41F0FD2BD00364A47 /* Release */,
			);
			defaultConfigurationIsVisible = 0;
		};
/* End XCConfigurationList section */
	};
	rootObject = EF658ECF1F0FD2BD00364A47 /* Project object */;
}
